
Microsoft Visual Studio Solution File, Format Version 12.00
# Visual Studio Version 16
VisualStudioVersion = 16.0.29519.87
MinimumVisualStudioVersion = 10.0.40219.1
Project("{8BC9CEB8-8B4A-11D0-8D11-00A0C91BC942}") = "MFC_Test01", "MFC_Test01\MFC_Test01.vcxproj", "{42D683D9-0D35-488D-92F8-6810D462ACBE}"
EndProject
Project("{8BC9CEB8-8B4A-11D0-8D11-00A0C91BC942}") = "C++_MFCStudy", "C++_MFCStudy\C++_MFCStudy.vcxproj", "{32F276D8-CCAF-4AE3-96BE-4E86E5444235}"
EndProject
Project("{8BC9CEB8-8B4A-11D0-8D11-00A0C91BC942}") = "MClock", "MClock\MClock.vcxproj", "{B56822E8-567C-4203-B56E-9496FB414120}"
EndProject
Global
	GlobalSection(SolutionConfigurationPlatforms) = preSolution
		Debug|x64 = Debug|x64
		Debug|x86 = Debug|x86
		Release|x64 = Release|x64
		Release|x86 = Release|x86
	EndGlobalSection
	GlobalSection(ProjectConfigurationPlatforms) = postSolution
		{42D683D9-0D35-488D-92F8-6810D462ACBE}.Debug|x64.ActiveCfg = Debug|x64
		{42D683D9-0D35-488D-92F8-6810D462ACBE}.Debug|x64.Build.0 = Debug|x64
		{42D683D9-0D35-488D-92F8-6810D462ACBE}.Debug|x86.ActiveCfg = Debug|Win32
		{42D683D9-0D35-488D-92F8-6810D462ACBE}.Debug|x86.Build.0 = Debug|Win32
		{42D683D9-0D35-488D-92F8-6810D462ACBE}.Release|x64.ActiveCfg = Release|x64
		{42D683D9-0D35-488D-92F8-6810D462ACBE}.Release|x64.Build.0 = Release|x64
		{42D683D9-0D35-488D-92F8-6810D462ACBE}.Release|x86.ActiveCfg = Release|Win32
		{42D683D9-0D35-488D-92F8-6810D462ACBE}.Release|x86.Build.0 = Release|Win32
		{32F276D8-CCAF-4AE3-96BE-4E86E5444235}.Debug|x64.ActiveCfg = Debug|x64
		{32F276D8-CCAF-4AE3-96BE-4E86E5444235}.Debug|x64.Build.0 = Debug|x64
		{32F276D8-CCAF-4AE3-96BE-4E86E5444235}.Debug|x86.ActiveCfg = Debug|Win32
		{32F276D8-CCAF-4AE3-96BE-4E86E5444235}.Debug|x86.Build.0 = Debug|Win32
		{32F276D8-CCAF-4AE3-96BE-4E86E5444235}.Release|x64.ActiveCfg = Release|x64
		{32F276D8-CCAF-4AE3-96BE-4E86E5444235}.Release|x64.Build.0 = Release|x64
		{32F276D8-CCAF-4AE3-96BE-4E86E5444235}.Release|x86.ActiveCfg = Release|Win32
		{32F276D8-CCAF-4AE3-96BE-4E86E5444235}.Release|x86.Build.0 = Release|Win32
		{B56822E8-567C-4203-B56E-9496FB414120}.Debug|x64.ActiveCfg = Debug|x64
		{B56822E8-567C-4203-B56E-9496FB414120}.Debug|x64.Build.0 = Debug|x64
		{B56822E8-567C-4203-B56E-9496FB414120}.Debug|x86.ActiveCfg = Debug|Win32
		{B56822E8-567C-4203-B56E-9496FB414120}.Debug|x86.Build.0 = Debug|Win32
		{B56822E8-567C-4203-B56E-9496FB414120}.Release|x64.ActiveCfg = Release|x64
		{B56822E8-567C-4203-B56E-9496FB414120}.Release|x64.Build.0 = Release|x64
		{B56822E8-567C-4203-B56E-9496FB414120}.Release|x86.ActiveCfg = Release|Win32
		{B56822E8-567C-4203-B56E-9496FB414120}.Release|x86.Build.0 = Release|Win32
	EndGlobalSection
	GlobalSection(SolutionProperties) = preSolution
		HideSolutionNode = FALSE
	EndGlobalSection
	GlobalSection(ExtensibilityGlobals) = postSolution
		SolutionGuid = {8FE19CD7-2428-4FBC-A7F4-B89F9842D2DB}
	EndGlobalSection
EndGlobal
